
Microsoft Visual Studio Solution File, Format Version 12.00
# Visual Studio Version 16
VisualStudioVersion = 16.0.33214.272
MinimumVisualStudioVersion = 10.0.40219.1
Project("{FAE04EC0-301F-11D3-BF4B-00C04F79EFBC}") = "Replace", "Replace\Replace.csproj", "{2A7B5C7D-1FAC-4706-B4E6-7EA2D7508538}"
EndProject
Global
	GlobalSection(SolutionConfigurationPlatforms) = preSolution
		Debug|Any CPU = Debug|Any CPU
		Release|Any CPU = Release|Any CPU
	EndGlobalSection
	GlobalSection(ProjectConfigurationPlatforms) = postSolution
		{2A7B5C7D-1FAC-4706-B4E6-7EA2D7508538}.Debug|Any CPU.ActiveCfg = Debug|Any CPU
		{2A7B5C7D-1FAC-4706-B4E6-7EA2D7508538}.Debug|Any CPU.Build.0 = Debug|Any CPU
		{2A7B5C7D-1FAC-4706-B4E6-7EA2D7508538}.Release|Any CPU.ActiveCfg = Release|Any CPU
		{2A7B5C7D-1FAC-4706-B4E6-7EA2D7508538}.Release|Any CPU.Build.0 = Release|Any CPU
	EndGlobalSection
	GlobalSection(SolutionProperties) = preSolution
		HideSolutionNode = FALSE
	EndGlobalSection
	GlobalSection(ExtensibilityGlobals) = postSolution
		SolutionGuid = {6C34F25E-5261-47F5-9C63-3346862EDABD}
	EndGlobalSection
EndGlobal
